// !$*UTF8*$!
{
	archiveVersion = 1;
	classes = {
	};
	objectVersion = 46;
	objects = {

/* Begin PBXFileReference section */
		368B97D11A62A5D000CAED72 /* Info.plist */ = {isa = PBXFileReference; fileEncoding = 4; lastKnownFileType = text.plist.xml; path = Info.plist; sourceTree = "<group>"; };
		368B97D21A62A5DA00CAED72 /* kodplay.icon.png */ = {isa = PBXFileReference; lastKnownFileType = image.png; name = kodplay.icon.png; path = images/kodplay.icon.png; sourceTree = "<group>"; };
		368B97DD1A62BE1400CAED72 /* kodplay.icon.colour.large.png */ = {isa = PBXFileReference; lastKnownFileType = image.png; name = kodplay.icon.colour.large.png; path = images/kodplay.icon.colour.large.png; sourceTree = "<group>"; };
		368B97DF1A62BFD900CAED72 /* background.html */ = {isa = PBXFileReference; fileEncoding = 4; lastKnownFileType = text.html; path = background.html; sourceTree = "<group>"; };
		368B97E21A62C69A00CAED72 /* modules.js */ = {isa = PBXFileReference; fileEncoding = 4; lastKnownFileType = sourcecode.javascript; path = modules.js; sourceTree = "<group>"; };
		368B97E31A62C80800CAED72 /* jquery-1.11.2.min.js */ = {isa = PBXFileReference; fileEncoding = 4; lastKnownFileType = sourcecode.javascript; path = "jquery-1.11.2.min.js"; sourceTree = "<group>"; };
		368B97E41A62D6FD00CAED72 /* icon-32.png */ = {isa = PBXFileReference; lastKnownFileType = image.png; path = "icon-32.png"; sourceTree = "<group>"; };
		368B97E51A62D6FD00CAED72 /* icon-48.png */ = {isa = PBXFileReference; lastKnownFileType = image.png; path = "icon-48.png"; sourceTree = "<group>"; };
		368B97E61A62D6FD00CAED72 /* icon-64.png */ = {isa = PBXFileReference; lastKnownFileType = image.png; path = "icon-64.png"; sourceTree = "<group>"; };
		368B97E71A62D6FD00CAED72 /* Settings.plist */ = {isa = PBXFileReference; fileEncoding = 4; lastKnownFileType = text.plist.xml; path = Settings.plist; sourceTree = "<group>"; };
/* End PBXFileReference section */

/* Begin PBXGroup section */
		36567B6E1A62A2D50040AA06 = {
			isa = PBXGroup;
			children = (
				368B97E41A62D6FD00CAED72 /* icon-32.png */,
				368B97E51A62D6FD00CAED72 /* icon-48.png */,
				368B97E61A62D6FD00CAED72 /* icon-64.png */,
				368B97E71A62D6FD00CAED72 /* Settings.plist */,
				368B97E11A62C69A00CAED72 /* Javascript */,
				368B97DF1A62BFD900CAED72 /* background.html */,
				368B97D31A62A5E000CAED72 /* Images */,
				368B97D11A62A5D000CAED72 /* Info.plist */,
			);
			sourceTree = "<group>";
		};
		368B97D31A62A5E000CAED72 /* Images */ = {
			isa = PBXGroup;
			children = (
				368B97DD1A62BE1400CAED72 /* kodplay.icon.colour.large.png */,
				368B97D21A62A5DA00CAED72 /* kodplay.icon.png */,
			);
			name = Images;
			sourceTree = "<group>";
		};
		368B97E11A62C69A00CAED72 /* Javascript */ = {
			isa = PBXGroup;
			children = (
				368B97E31A62C80800CAED72 /* jquery-1.11.2.min.js */,
				368B97E21A62C69A00CAED72 /* modules.js */,
			);
			name = Javascript;
			path = javascript;
			sourceTree = "<group>";
		};
/* End PBXGroup section */

/* Begin PBXLegacyTarget section */
		36567B731A62A2D50040AA06 /* KodiPlay */ = {
			isa = PBXLegacyTarget;
			buildArgumentsString = "$(ACTION)";
			buildConfigurationList = 36567B761A62A2D50040AA06 /* Build configuration list for PBXLegacyTarget "KodiPlay" */;
			buildPhases = (
			);
			buildToolPath = /bin/true;
			dependencies = (
			);
			name = KodiPlay;
			passBuildSettingsInEnvironment = 1;
			productName = KodiPlay;
		};
/* End PBXLegacyTarget section */

/* Begin PBXProject section */
		36567B6F1A62A2D50040AA06 /* Project object */ = {
			isa = PBXProject;
			attributes = {
				LastUpgradeCheck = 0610;
				ORGANIZATIONNAME = "Karl Lattimer";
				TargetAttributes = {
					36567B731A62A2D50040AA06 = {
						CreatedOnToolsVersion = 6.1.1;
					};
				};
			};
			buildConfigurationList = 36567B721A62A2D50040AA06 /* Build configuration list for PBXProject "KodiPlay" */;
			compatibilityVersion = "Xcode 3.2";
			developmentRegion = English;
			hasScannedForEncodings = 0;
			knownRegions = (
				en,
			);
			mainGroup = 36567B6E1A62A2D50040AA06;
			projectDirPath = "";
			projectRoot = "";
			targets = (
				36567B731A62A2D50040AA06 /* KodiPlay */,
			);
		};
/* End PBXProject section */

/* Begin XCBuildConfiguration section */
		36567B741A62A2D50040AA06 /* Debug */ = {
			isa = XCBuildConfiguration;
			buildSettings = {
				ALWAYS_SEARCH_USER_PATHS = NO;
				CLANG_CXX_LANGUAGE_STANDARD = "gnu++0x";
				CLANG_CXX_LIBRARY = "libc++";
				CLANG_ENABLE_MODULES = YES;
				CLANG_ENABLE_OBJC_ARC = YES;
				CLANG_WARN_BOOL_CONVERSION = YES;
				CLANG_WARN_CONSTANT_CONVERSION = YES;
				CLANG_WARN_DIRECT_OBJC_ISA_USAGE = YES_ERROR;
				CLANG_WARN_EMPTY_BODY = YES;
				CLANG_WARN_ENUM_CONVERSION = YES;
				CLANG_WARN_INT_CONVERSION = YES;
				CLANG_WARN_OBJC_ROOT_CLASS = YES_ERROR;
				CLANG_WARN_UNREACHABLE_CODE = YES;
				CLANG_WARN__DUPLICATE_METHOD_MATCH = YES;
				COPY_PHASE_STRIP = NO;
				ENABLE_STRICT_OBJC_MSGSEND = YES;
				GCC_C_LANGUAGE_STANDARD = gnu99;
				GCC_DYNAMIC_NO_PIC = NO;
				GCC_OPTIMIZATION_LEVEL = 0;
				GCC_PREPROCESSOR_DEFINITIONS = (
					"DEBUG=1",
					"$(inherited)",
				);
				GCC_SYMBOLS_PRIVATE_EXTERN = NO;
				GCC_WARN_64_TO_32_BIT_CONVERSION = YES;
				GCC_WARN_ABOUT_RETURN_TYPE = YES_ERROR;
				GCC_WARN_UNDECLARED_SELECTOR = YES;
				GCC_WARN_UNINITIALIZED_AUTOS = YES_AGGRESSIVE;
				GCC_WARN_UNUSED_FUNCTION = YES;
				GCC_WARN_UNUSED_VARIABLE = YES;
				MACOSX_DEPLOYMENT_TARGET = 10.10;
				MTL_ENABLE_DEBUG_INFO = YES;
				ONLY_ACTIVE_ARCH = YES;
				SDKROOT = macosx;
			};
			name = Debug;
		};
		36567B751A62A2D50040AA06 /* Release */ = {
			isa = XCBuildConfiguration;
			buildSettings = {
				ALWAYS_SEARCH_USER_PATHS = NO;
				CLANG_CXX_LANGUAGE_STANDARD = "gnu++0x";
				CLANG_CXX_LIBRARY = "libc++";
				CLANG_ENABLE_MODULES = YES;
				CLANG_ENABLE_OBJC_ARC = YES;
				CLANG_WARN_BOOL_CONVERSION = YES;
				CLANG_WARN_CONSTANT_CONVERSION = YES;
				CLANG_WARN_DIRECT_OBJC_ISA_USAGE = YES_ERROR;
				CLANG_WARN_EMPTY_BODY = YES;
				CLANG_WARN_ENUM_CONVERSION = YES;
				CLANG_WARN_INT_CONVERSION = YES;
				CLANG_WARN_OBJC_ROOT_CLASS = YES_ERROR;
				CLANG_WARN_UNREACHABLE_CODE = YES;
				CLANG_WARN__DUPLICATE_METHOD_MATCH = YES;
				COPY_PHASE_STRIP = YES;
				DEBUG_INFORMATION_FORMAT = "dwarf-with-dsym";
				ENABLE_NS_ASSERTIONS = NO;
				ENABLE_STRICT_OBJC_MSGSEND = YES;
				GCC_C_LANGUAGE_STANDARD = gnu99;
				GCC_WARN_64_TO_32_BIT_CONVERSION = YES;
				GCC_WARN_ABOUT_RETURN_TYPE = YES_ERROR;
				GCC_WARN_UNDECLARED_SELECTOR = YES;
				GCC_WARN_UNINITIALIZED_AUTOS = YES_AGGRESSIVE;
				GCC_WARN_UNUSED_FUNCTION = YES;
				GCC_WARN_UNUSED_VARIABLE = YES;
				MACOSX_DEPLOYMENT_TARGET = 10.10;
				MTL_ENABLE_DEBUG_INFO = NO;
				SDKROOT = macosx;
			};
			name = Release;
		};
		36567B771A62A2D50040AA06 /* Debug */ = {
			isa = XCBuildConfiguration;
			buildSettings = {
				DEBUGGING_SYMBOLS = YES;
				GCC_GENERATE_DEBUGGING_SYMBOLS = YES;
				GCC_OPTIMIZATION_LEVEL = 0;
				OTHER_CFLAGS = "";
				OTHER_LDFLAGS = "";
				PRODUCT_NAME = "$(TARGET_NAME)";
			};
			name = Debug;
		};
		36567B781A62A2D50040AA06 /* Release */ = {
			isa = XCBuildConfiguration;
			buildSettings = {
				OTHER_CFLAGS = "";
				OTHER_LDFLAGS = "";
				PRODUCT_NAME = "$(TARGET_NAME)";
			};
			name = Release;
		};
/* End XCBuildConfiguration section */

/* Begin XCConfigurationList section */
		36567B721A62A2D50040AA06 /* Build configuration list for PBXProject "KodiPlay" */ = {
			isa = XCConfigurationList;
			buildConfigurations = (
				36567B741A62A2D50040AA06 /* Debug */,
				36567B751A62A2D50040AA06 /* Release */,
			);
			defaultConfigurationIsVisible = 0;
			defaultConfigurationName = Release;
		};
		36567B761A62A2D50040AA06 /* Build configuration list for PBXLegacyTarget "KodiPlay" */ = {
			isa = XCConfigurationList;
			buildConfigurations = (
				36567B771A62A2D50040AA06 /* Debug */,
				36567B781A62A2D50040AA06 /* Release */,
			);
			defaultConfigurationIsVisible = 0;
			defaultConfigurationName = Release;
		};
/* End XCConfigurationList section */
	};
	rootObject = 36567B6F1A62A2D50040AA06 /* Project object */;
}
